// !$*UTF8*$!
{
	archiveVersion = 1;
	classes = {
	};
	objectVersion = 56;
	objects = {

/* Begin PBXBuildFile section */
		E917F5392ACD0EDC001EA9C3 /* TheoryVC.swift in Sources */ = {isa = PBXBuildFile; fileRef = E917F5382ACD0EDC001EA9C3 /* TheoryVC.swift */; };
		E925BE3E2A4968B300334A70 /* AppDelegate.swift in Sources */ = {isa = PBXBuildFile; fileRef = E925BE3D2A4968B300334A70 /* AppDelegate.swift */; };
		E925BE402A4968B300334A70 /* SceneDelegate.swift in Sources */ = {isa = PBXBuildFile; fileRef = E925BE3F2A4968B300334A70 /* SceneDelegate.swift */; };
		E925BE422A4968B300334A70 /* BlockUIKitVC.swift in Sources */ = {isa = PBXBuildFile; fileRef = E925BE412A4968B300334A70 /* BlockUIKitVC.swift */; };
		E925BE452A4968B300334A70 /* Main.storyboard in Resources */ = {isa = PBXBuildFile; fileRef = E925BE432A4968B300334A70 /* Main.storyboard */; };
		E925BE472A4968B400334A70 /* Assets.xcassets in Resources */ = {isa = PBXBuildFile; fileRef = E925BE462A4968B400334A70 /* Assets.xcassets */; };
		E925BE4A2A4968B400334A70 /* LaunchScreen.storyboard in Resources */ = {isa = PBXBuildFile; fileRef = E925BE482A4968B400334A70 /* LaunchScreen.storyboard */; };
		E951EBC32AC1890E006767E9 /* HiddenContainerRecognizer.swift in Sources */ = {isa = PBXBuildFile; fileRef = E951EBC12AC1890E006767E9 /* HiddenContainerRecognizer.swift */; };
		E951EBC42AC1890E006767E9 /* ScreenshotPreventingView.swift in Sources */ = {isa = PBXBuildFile; fileRef = E951EBC22AC1890E006767E9 /* ScreenshotPreventingView.swift */; };
		E951EBC82AC18AB5006767E9 /* sea.jpg in Resources */ = {isa = PBXBuildFile; fileRef = E951EBC72AC18AB5006767E9 /* sea.jpg */; };
		E971E1C82ACA994700937089 /* HomePageVC.swift in Sources */ = {isa = PBXBuildFile; fileRef = E971E1C62ACA994700937089 /* HomePageVC.swift */; };
/* End PBXBuildFile section */

/* Begin PBXFileReference section */
		E917F5382ACD0EDC001EA9C3 /* TheoryVC.swift */ = {isa = PBXFileReference; lastKnownFileType = sourcecode.swift; path = TheoryVC.swift; sourceTree = "<group>"; };
		E925BE3A2A4968B300334A70 /* ScreenBlockerSwift.app */ = {isa = PBXFileReference; explicitFileType = wrapper.application; includeInIndex = 0; path = ScreenBlockerSwift.app; sourceTree = BUILT_PRODUCTS_DIR; };
		E925BE3D2A4968B300334A70 /* AppDelegate.swift */ = {isa = PBXFileReference; lastKnownFileType = sourcecode.swift; path = AppDelegate.swift; sourceTree = "<group>"; };
		E925BE3F2A4968B300334A70 /* SceneDelegate.swift */ = {isa = PBXFileReference; lastKnownFileType = sourcecode.swift; path = SceneDelegate.swift; sourceTree = "<group>"; };
		E925BE412A4968B300334A70 /* BlockUIKitVC.swift */ = {isa = PBXFileReference; lastKnownFileType = sourcecode.swift; path = BlockUIKitVC.swift; sourceTree = "<group>"; };
		E925BE442A4968B300334A70 /* Base */ = {isa = PBXFileReference; lastKnownFileType = file.storyboard; name = Base; path = Base.lproj/Main.storyboard; sourceTree = "<group>"; };
		E925BE462A4968B400334A70 /* Assets.xcassets */ = {isa = PBXFileReference; lastKnownFileType = folder.assetcatalog; path = Assets.xcassets; sourceTree = "<group>"; };
		E925BE492A4968B400334A70 /* Base */ = {isa = PBXFileReference; lastKnownFileType = file.storyboard; name = Base; path = Base.lproj/LaunchScreen.storyboard; sourceTree = "<group>"; };
		E925BE4B2A4968B400334A70 /* Info.plist */ = {isa = PBXFileReference; lastKnownFileType = text.plist.xml; path = Info.plist; sourceTree = "<group>"; };
		E951EBC12AC1890E006767E9 /* HiddenContainerRecognizer.swift */ = {isa = PBXFileReference; fileEncoding = 4; lastKnownFileType = sourcecode.swift; path = HiddenContainerRecognizer.swift; sourceTree = "<group>"; };
		E951EBC22AC1890E006767E9 /* ScreenshotPreventingView.swift */ = {isa = PBXFileReference; fileEncoding = 4; lastKnownFileType = sourcecode.swift; path = ScreenshotPreventingView.swift; sourceTree = "<group>"; };
		E951EBC72AC18AB5006767E9 /* sea.jpg */ = {isa = PBXFileReference; lastKnownFileType = image.jpeg; path = sea.jpg; sourceTree = "<group>"; };
		E971E1C62ACA994700937089 /* HomePageVC.swift */ = {isa = PBXFileReference; lastKnownFileType = sourcecode.swift; path = HomePageVC.swift; sourceTree = "<group>"; };
/* End PBXFileReference section */

/* Begin PBXFrameworksBuildPhase section */
		E925BE372A4968B300334A70 /* Frameworks */ = {
			isa = PBXFrameworksBuildPhase;
			buildActionMask = 2147483647;
			files = (
			);
			runOnlyForDeploymentPostprocessing = 0;
		};
/* End PBXFrameworksBuildPhase section */

/* Begin PBXGroup section */
		E917F5372ACD0E0C001EA9C3 /* Theory */ = {
			isa = PBXGroup;
			children = (
				E917F5382ACD0EDC001EA9C3 /* TheoryVC.swift */,
			);
			path = Theory;
			sourceTree = "<group>";
		};
		E925BE312A4968B300334A70 = {
			isa = PBXGroup;
			children = (
				E925BE3C2A4968B300334A70 /* ScreenBlockerSwift */,
				E925BE3B2A4968B300334A70 /* Products */,
			);
			sourceTree = "<group>";
		};
		E925BE3B2A4968B300334A70 /* Products */ = {
			isa = PBXGroup;
			children = (
				E925BE3A2A4968B300334A70 /* ScreenBlockerSwift.app */,
			);
			name = Products;
			sourceTree = "<group>";
		};
		E925BE3C2A4968B300334A70 /* ScreenBlockerSwift */ = {
			isa = PBXGroup;
			children = (
				E925BE462A4968B400334A70 /* Assets.xcassets */,
				E925BE4B2A4968B400334A70 /* Info.plist */,
				E925BE482A4968B400334A70 /* LaunchScreen.storyboard */,
				E925BE432A4968B300334A70 /* Main.storyboard */,
				E971E1CF2ACA99E700937089 /* Base */,
				E971E1CE2ACA99CA00937089 /* Resource */,
				E917F5372ACD0E0C001EA9C3 /* Theory */,
				E971E1CB2ACA995B00937089 /* BlockUIKit */,
				E971E1CA2ACA994F00937089 /* Home */,
				E971E1CD2ACA99B100937089 /* BlockVideoKit */,
			);
			path = ScreenBlockerSwift;
			sourceTree = "<group>";
		};
		E971E1CA2ACA994F00937089 /* Home */ = {
			isa = PBXGroup;
			children = (
				E971E1C62ACA994700937089 /* HomePageVC.swift */,
			);
			path = Home;
			sourceTree = "<group>";
		};
		E971E1CB2ACA995B00937089 /* BlockUIKit */ = {
			isa = PBXGroup;
			children = (
				E951EBC12AC1890E006767E9 /* HiddenContainerRecognizer.swift */,
				E951EBC22AC1890E006767E9 /* ScreenshotPreventingView.swift */,
				E925BE412A4968B300334A70 /* BlockUIKitVC.swift */,
			);
			path = BlockUIKit;
			sourceTree = "<group>";
		};
		E971E1CD2ACA99B100937089 /* BlockVideoKit */ = {
			isa = PBXGroup;
			children = (
			);
			path = BlockVideoKit;
			sourceTree = "<group>";
		};
		E971E1CE2ACA99CA00937089 /* Resource */ = {
			isa = PBXGroup;
			children = (
				E951EBC72AC18AB5006767E9 /* sea.jpg */,
			);
			path = Resource;
			sourceTree = "<group>";
		};
		E971E1CF2ACA99E700937089 /* Base */ = {
			isa = PBXGroup;
			children = (
				E925BE3D2A4968B300334A70 /* AppDelegate.swift */,
				E925BE3F2A4968B300334A70 /* SceneDelegate.swift */,
			);
			path = Base;
			sourceTree = "<group>";
		};
/* End PBXGroup section */

/* Begin PBXNativeTarget section */
		E925BE392A4968B300334A70 /* ScreenBlockerSwift */ = {
			isa = PBXNativeTarget;
			buildConfigurationList = E925BE4E2A4968B400334A70 /* Build configuration list for PBXNativeTarget "ScreenBlockerSwift" */;
			buildPhases = (
				E925BE362A4968B300334A70 /* Sources */,
				E925BE372A4968B300334A70 /* Frameworks */,
				E925BE382A4968B300334A70 /* Resources */,
			);
			buildRules = (
			);
			dependencies = (
			);
			name = ScreenBlockerSwift;
			productName = ScreenBlockerSwift;
			productReference = E925BE3A2A4968B300334A70 /* ScreenBlockerSwift.app */;
			productType = "com.apple.product-type.application";
		};
/* End PBXNativeTarget section */

/* Begin PBXProject section */
		E925BE322A4968B300334A70 /* Project object */ = {
			isa = PBXProject;
			attributes = {
				BuildIndependentTargetsInParallel = 1;
				LastSwiftUpdateCheck = 1500;
				LastUpgradeCheck = 1500;
				TargetAttributes = {
					E925BE392A4968B300334A70 = {
						CreatedOnToolsVersion = 15.0;
					};
				};
			};
			buildConfigurationList = E925BE352A4968B300334A70 /* Build configuration list for PBXProject "ScreenBlockerSwift" */;
			compatibilityVersion = "Xcode 14.0";
			developmentRegion = en;
			hasScannedForEncodings = 0;
			knownRegions = (
				en,
				Base,
			);
			mainGroup = E925BE312A4968B300334A70;
			productRefGroup = E925BE3B2A4968B300334A70 /* Products */;
			projectDirPath = "";
			projectRoot = "";
			targets = (
				E925BE392A4968B300334A70 /* ScreenBlockerSwift */,
			);
		};
/* End PBXProject section */

/* Begin PBXResourcesBuildPhase section */
		E925BE382A4968B300334A70 /* Resources */ = {
			isa = PBXResourcesBuildPhase;
			buildActionMask = 2147483647;
			files = (
				E925BE4A2A4968B400334A70 /* LaunchScreen.storyboard in Resources */,
				E925BE472A4968B400334A70 /* Assets.xcassets in Resources */,
				E925BE452A4968B300334A70 /* Main.storyboard in Resources */,
				E951EBC82AC18AB5006767E9 /* sea.jpg in Resources */,
			);
			runOnlyForDeploymentPostprocessing = 0;
		};
/* End PBXResourcesBuildPhase section */

/* Begin PBXSourcesBuildPhase section */
		E925BE362A4968B300334A70 /* Sources */ = {
			isa = PBXSourcesBuildPhase;
			buildActionMask = 2147483647;
			files = (
				E917F5392ACD0EDC001EA9C3 /* TheoryVC.swift in Sources */,
				E951EBC42AC1890E006767E9 /* ScreenshotPreventingView.swift in Sources */,
				E925BE422A4968B300334A70 /* BlockUIKitVC.swift in Sources */,
				E971E1C82ACA994700937089 /* HomePageVC.swift in Sources */,
				E951EBC32AC1890E006767E9 /* HiddenContainerRecognizer.swift in Sources */,
				E925BE3E2A4968B300334A70 /* AppDelegate.swift in Sources */,
				E925BE402A4968B300334A70 /* SceneDelegate.swift in Sources */,
			);
			runOnlyForDeploymentPostprocessing = 0;
		};
/* End PBXSourcesBuildPhase section */

/* Begin PBXVariantGroup section */
		E925BE432A4968B300334A70 /* Main.storyboard */ = {
			isa = PBXVariantGroup;
			children = (
				E925BE442A4968B300334A70 /* Base */,
			);
			name = Main.storyboard;
			sourceTree = "<group>";
		};
		E925BE482A4968B400334A70 /* LaunchScreen.storyboard */ = {
			isa = PBXVariantGroup;
			children = (
				E925BE492A4968B400334A70 /* Base */,
			);
			name = LaunchScreen.storyboard;
			sourceTree = "<group>";
		};
/* End PBXVariantGroup section */

/* Begin XCBuildConfiguration section */
		E925BE4C2A4968B400334A70 /* Debug */ = {
			isa = XCBuildConfiguration;
			buildSettings = {
				ALWAYS_SEARCH_USER_PATHS = NO;
				ASSETCATALOG_COMPILER_GENERATE_SWIFT_ASSET_SYMBOL_EXTENSIONS = YES;
				CLANG_ANALYZER_NONNULL = YES;
				CLANG_ANALYZER_NUMBER_OBJECT_CONVERSION = YES_AGGRESSIVE;
				CLANG_CXX_LANGUAGE_STANDARD = "gnu++20";
				CLANG_ENABLE_MODULES = YES;
				CLANG_ENABLE_OBJC_ARC = YES;
				CLANG_ENABLE_OBJC_WEAK = YES;
				CLANG_WARN_BLOCK_CAPTURE_AUTORELEASING = YES;
				CLANG_WARN_BOOL_CONVERSION = YES;
				CLANG_WARN_COMMA = YES;
				CLANG_WARN_CONSTANT_CONVERSION = YES;
				CLANG_WARN_DEPRECATED_OBJC_IMPLEMENTATIONS = YES;
				CLANG_WARN_DIRECT_OBJC_ISA_USAGE = YES_ERROR;
				CLANG_WARN_DOCUMENTATION_COMMENTS = YES;
				CLANG_WARN_EMPTY_BODY = YES;
				CLANG_WARN_ENUM_CONVERSION = YES;
				CLANG_WARN_INFINITE_RECURSION = YES;
				CLANG_WARN_INT_CONVERSION = YES;
				CLANG_WARN_NON_LITERAL_NULL_CONVERSION = YES;
				CLANG_WARN_OBJC_IMPLICIT_RETAIN_SELF = YES;
				CLANG_WARN_OBJC_LITERAL_CONVERSION = YES;
				CLANG_WARN_OBJC_ROOT_CLASS = YES_ERROR;
				CLANG_WARN_QUOTED_INCLUDE_IN_FRAMEWORK_HEADER = YES;
				CLANG_WARN_RANGE_LOOP_ANALYSIS = YES;
				CLANG_WARN_STRICT_PROTOTYPES = YES;
				CLANG_WARN_SUSPICIOUS_MOVE = YES;
				CLANG_WARN_UNGUARDED_AVAILABILITY = YES_AGGRESSIVE;
				CLANG_WARN_UNREACHABLE_CODE = YES;
				CLANG_WARN__DUPLICATE_METHOD_MATCH = YES;
				COPY_PHASE_STRIP = NO;
				DEBUG_INFORMATION_FORMAT = dwarf;
				ENABLE_STRICT_OBJC_MSGSEND = YES;
				ENABLE_TESTABILITY = YES;
				ENABLE_USER_SCRIPT_SANDBOXING = YES;
				GCC_C_LANGUAGE_STANDARD = gnu17;
				GCC_DYNAMIC_NO_PIC = NO;
				GCC_NO_COMMON_BLOCKS = YES;
				GCC_OPTIMIZATION_LEVEL = 0;
				GCC_PREPROCESSOR_DEFINITIONS = (
					"DEBUG=1",
					"$(inherited)",
				);
				GCC_WARN_64_TO_32_BIT_CONVERSION = YES;
				GCC_WARN_ABOUT_RETURN_TYPE = YES_ERROR;
				GCC_WARN_UNDECLARED_SELECTOR = YES;
				GCC_WARN_UNINITIALIZED_AUTOS = YES_AGGRESSIVE;
				GCC_WARN_UNUSED_FUNCTION = YES;
				GCC_WARN_UNUSED_VARIABLE = YES;
				IPHONEOS_DEPLOYMENT_TARGET = 17.0;
				LOCALIZATION_PREFERS_STRING_CATALOGS = YES;
				MTL_ENABLE_DEBUG_INFO = INCLUDE_SOURCE;
				MTL_FAST_MATH = YES;
				ONLY_ACTIVE_ARCH = YES;
				SDKROOT = iphoneos;
				SWIFT_ACTIVE_COMPILATION_CONDITIONS = "DEBUG $(inherited)";
				SWIFT_OPTIMIZATION_LEVEL = "-Onone";
			};
			name = Debug;
		};
		E925BE4D2A4968B400334A70 /* Release */ = {
			isa = XCBuildConfiguration;
			buildSettings = {
				ALWAYS_SEARCH_USER_PATHS = NO;
				ASSETCATALOG_COMPILER_GENERATE_SWIFT_ASSET_SYMBOL_EXTENSIONS = YES;
				CLANG_ANALYZER_NONNULL = YES;
				CLANG_ANALYZER_NUMBER_OBJECT_CONVERSION = YES_AGGRESSIVE;
				CLANG_CXX_LANGUAGE_STANDARD = "gnu++20";
				CLANG_ENABLE_MODULES = YES;
				CLANG_ENABLE_OBJC_ARC = YES;
				CLANG_ENABLE_OBJC_WEAK = YES;
				CLANG_WARN_BLOCK_CAPTURE_AUTORELEASING = YES;
				CLANG_WARN_BOOL_CONVERSION = YES;
				CLANG_WARN_COMMA = YES;
				CLANG_WARN_CONSTANT_CONVERSION = YES;
				CLANG_WARN_DEPRECATED_OBJC_IMPLEMENTATIONS = YES;
				CLANG_WARN_DIRECT_OBJC_ISA_USAGE = YES_ERROR;
				CLANG_WARN_DOCUMENTATION_COMMENTS = YES;
				CLANG_WARN_EMPTY_BODY = YES;
				CLANG_WARN_ENUM_CONVERSION = YES;
				CLANG_WARN_INFINITE_RECURSION = YES;
				CLANG_WARN_INT_CONVERSION = YES;
				CLANG_WARN_NON_LITERAL_NULL_CONVERSION = YES;
				CLANG_WARN_OBJC_IMPLICIT_RETAIN_SELF = YES;
				CLANG_WARN_OBJC_LITERAL_CONVERSION = YES;
				CLANG_WARN_OBJC_ROOT_CLASS = YES_ERROR;
				CLANG_WARN_QUOTED_INCLUDE_IN_FRAMEWORK_HEADER = YES;
				CLANG_WARN_RANGE_LOOP_ANALYSIS = YES;
				CLANG_WARN_STRICT_PROTOTYPES = YES;
				CLANG_WARN_SUSPICIOUS_MOVE = YES;
				CLANG_WARN_UNGUARDED_AVAILABILITY = YES_AGGRESSIVE;
				CLANG_WARN_UNREACHABLE_CODE = YES;
				CLANG_WARN__DUPLICATE_METHOD_MATCH = YES;
				COPY_PHASE_STRIP = NO;
				DEBUG_INFORMATION_FORMAT = "dwarf-with-dsym";
				ENABLE_NS_ASSERTIONS = NO;
				ENABLE_STRICT_OBJC_MSGSEND = YES;
				ENABLE_USER_SCRIPT_SANDBOXING = YES;
				GCC_C_LANGUAGE_STANDARD = gnu17;
				GCC_NO_COMMON_BLOCKS = YES;
				GCC_WARN_64_TO_32_BIT_CONVERSION = YES;
				GCC_WARN_ABOUT_RETURN_TYPE = YES_ERROR;
				GCC_WARN_UNDECLARED_SELECTOR = YES;
				GCC_WARN_UNINITIALIZED_AUTOS = YES_AGGRESSIVE;
				GCC_WARN_UNUSED_FUNCTION = YES;
				GCC_WARN_UNUSED_VARIABLE = YES;
				IPHONEOS_DEPLOYMENT_TARGET = 17.0;
				LOCALIZATION_PREFERS_STRING_CATALOGS = YES;
				MTL_ENABLE_DEBUG_INFO = NO;
				MTL_FAST_MATH = YES;
				SDKROOT = iphoneos;
				SWIFT_COMPILATION_MODE = wholemodule;
				VALIDATE_PRODUCT = YES;
			};
			name = Release;
		};
		E925BE4F2A4968B400334A70 /* Debug */ = {
			isa = XCBuildConfiguration;
			buildSettings = {
				ASSETCATALOG_COMPILER_APPICON_NAME = AppIcon;
				ASSETCATALOG_COMPILER_GLOBAL_ACCENT_COLOR_NAME = AccentColor;
				CODE_SIGN_STYLE = Automatic;
				CURRENT_PROJECT_VERSION = 1;
				DEVELOPMENT_TEAM = 2V2W2494TP;
				GENERATE_INFOPLIST_FILE = YES;
				INFOPLIST_FILE = ScreenBlockerSwift/Info.plist;
				INFOPLIST_KEY_NSPhotoLibraryAddUsageDescription = "Use your photo library";
				INFOPLIST_KEY_UIApplicationSupportsIndirectInputEvents = YES;
				INFOPLIST_KEY_UILaunchStoryboardName = LaunchScreen;
				INFOPLIST_KEY_UIMainStoryboardFile = Main;
				INFOPLIST_KEY_UISupportedInterfaceOrientations = UIInterfaceOrientationPortrait;
				INFOPLIST_KEY_UIUserInterfaceStyle = Light;
				IPHONEOS_DEPLOYMENT_TARGET = 13.0;
				LD_RUNPATH_SEARCH_PATHS = (
					"$(inherited)",
					"@executable_path/Frameworks",
				);
				MARKETING_VERSION = 1.0;
				PRODUCT_BUNDLE_IDENTIFIER = com.kc218888.ScreenBlockerSwift;
				PRODUCT_NAME = "$(TARGET_NAME)";
				SWIFT_EMIT_LOC_STRINGS = YES;
				SWIFT_VERSION = 5.0;
				TARGETED_DEVICE_FAMILY = "1,2";
			};
			name = Debug;
		};
		E925BE502A4968B400334A70 /* Release */ = {
			isa = XCBuildConfiguration;
			buildSettings = {
				ASSETCATALOG_COMPILER_APPICON_NAME = AppIcon;
				ASSETCATALOG_COMPILER_GLOBAL_ACCENT_COLOR_NAME = AccentColor;
				CODE_SIGN_STYLE = Automatic;
				CURRENT_PROJECT_VERSION = 1;
				DEVELOPMENT_TEAM = 2V2W2494TP;
				GENERATE_INFOPLIST_FILE = YES;
				INFOPLIST_FILE = ScreenBlockerSwift/Info.plist;
				INFOPLIST_KEY_NSPhotoLibraryAddUsageDescription = "Use your photo library";
				INFOPLIST_KEY_UIApplicationSupportsIndirectInputEvents = YES;
				INFOPLIST_KEY_UILaunchStoryboardName = LaunchScreen;
				INFOPLIST_KEY_UIMainStoryboardFile = Main;
				INFOPLIST_KEY_UISupportedInterfaceOrientations = UIInterfaceOrientationPortrait;
				INFOPLIST_KEY_UIUserInterfaceStyle = Light;
				IPHONEOS_DEPLOYMENT_TARGET = 13.0;
				LD_RUNPATH_SEARCH_PATHS = (
					"$(inherited)",
					"@executable_path/Frameworks",
				);
				MARKETING_VERSION = 1.0;
				PRODUCT_BUNDLE_IDENTIFIER = com.kc218888.ScreenBlockerSwift;
				PRODUCT_NAME = "$(TARGET_NAME)";
				SWIFT_EMIT_LOC_STRINGS = YES;
				SWIFT_VERSION = 5.0;
				TARGETED_DEVICE_FAMILY = "1,2";
			};
			name = Release;
		};
/* End XCBuildConfiguration section */

/* Begin XCConfigurationList section */
		E925BE352A4968B300334A70 /* Build configuration list for PBXProject "ScreenBlockerSwift" */ = {
			isa = XCConfigurationList;
			buildConfigurations = (
				E925BE4C2A4968B400334A70 /* Debug */,
				E925BE4D2A4968B400334A70 /* Release */,
			);
			defaultConfigurationIsVisible = 0;
			defaultConfigurationName = Release;
		};
		E925BE4E2A4968B400334A70 /* Build configuration list for PBXNativeTarget "ScreenBlockerSwift" */ = {
			isa = XCConfigurationList;
			buildConfigurations = (
				E925BE4F2A4968B400334A70 /* Debug */,
				E925BE502A4968B400334A70 /* Release */,
			);
			defaultConfigurationIsVisible = 0;
			defaultConfigurationName = Release;
		};
/* End XCConfigurationList section */
	};
	rootObject = E925BE322A4968B300334A70 /* Project object */;
}
